
Microsoft Visual Studio Solution File, Format Version 12.00
Project("{FAE04EC0-301F-11D3-BF4B-00C04F79EFBC}") = "FancyCalc", "FancyCalc\FancyCalc.csproj", "{B1543036-B21E-4B82-AEBF-3BEB5BC1AC59}"
EndProject
Project("{FAE04EC0-301F-11D3-BF4B-00C04F79EFBC}") = "FancyCalc.Tests", "FancyCalc.Tests\FancyCalc.Tests.csproj", "{EB92D1A5-C360-4272-97A1-406634C3FC1F}"
EndProject
Global
	GlobalSection(SolutionConfigurationPlatforms) = preSolution
		Debug|Any CPU = Debug|Any CPU
		Release|Any CPU = Release|Any CPU
	EndGlobalSection
	GlobalSection(ProjectConfigurationPlatforms) = postSolution
		{B1543036-B21E-4B82-AEBF-3BEB5BC1AC59}.Debug|Any CPU.ActiveCfg = Debug|Any CPU
		{B1543036-B21E-4B82-AEBF-3BEB5BC1AC59}.Debug|Any CPU.Build.0 = Debug|Any CPU
		{B1543036-B21E-4B82-AEBF-3BEB5BC1AC59}.Release|Any CPU.ActiveCfg = Release|Any CPU
		{B1543036-B21E-4B82-AEBF-3BEB5BC1AC59}.Release|Any CPU.Build.0 = Release|Any CPU
		{EB92D1A5-C360-4272-97A1-406634C3FC1F}.Debug|Any CPU.ActiveCfg = Debug|Any CPU
		{EB92D1A5-C360-4272-97A1-406634C3FC1F}.Debug|Any CPU.Build.0 = Debug|Any CPU
		{EB92D1A5-C360-4272-97A1-406634C3FC1F}.Release|Any CPU.ActiveCfg = Release|Any CPU
		{EB92D1A5-C360-4272-97A1-406634C3FC1F}.Release|Any CPU.Build.0 = Release|Any CPU
	EndGlobalSection
EndGlobal
